
Microsoft Visual Studio Solution File, Format Version 12.00
# Visual Studio Version 17
VisualStudioVersion = 17.4.33205.214
MinimumVisualStudioVersion = 10.0.40219.1
Project("{9A19103F-16F7-4668-BE54-9A1E7A4F7556}") = "TwitchTrickTreat", "TwitchTrickTreat.csproj", "{FB243714-1198-4221-A474-493BF5BC8066}"
EndProject
Global
	GlobalSection(SolutionConfigurationPlatforms) = preSolution
		Debug|Any CPU = Debug|Any CPU
		Release|Any CPU = Release|Any CPU
	EndGlobalSection
	GlobalSection(ProjectConfigurationPlatforms) = postSolution
		{FB243714-1198-4221-A474-493BF5BC8066}.Debug|Any CPU.ActiveCfg = Debug|Any CPU
		{FB243714-1198-4221-A474-493BF5BC8066}.Debug|Any CPU.Build.0 = Debug|Any CPU
		{FB243714-1198-4221-A474-493BF5BC8066}.Release|Any CPU.ActiveCfg = Release|Any CPU
		{FB243714-1198-4221-A474-493BF5BC8066}.Release|Any CPU.Build.0 = Release|Any CPU
	EndGlobalSection
	GlobalSection(SolutionProperties) = preSolution
		HideSolutionNode = FALSE
	EndGlobalSection
	GlobalSection(ExtensibilityGlobals) = postSolution
		SolutionGuid = {CC0CC515-8444-4F83-8334-D36E2F71CFE6}
	EndGlobalSection
EndGlobal
